
Microsoft Visual Studio Solution File, Format Version 12.00
# Visual Studio 15
VisualStudioVersion = 15.0.27004.2005
MinimumVisualStudioVersion = 10.0.40219.1
Project("{FAE04EC0-301F-11D3-BF4B-00C04F79EFBC}") = "ISM", "task_1\ISM.csproj", "{43463D21-DFB6-4747-822B-978991A1DBF5}"
EndProject
Project("{FAE04EC0-301F-11D3-BF4B-00C04F79EFBC}") = "task_1_Console", "task1\task_1_Console.csproj", "{1D817FF9-233C-4C5C-827D-DC1D808FBF6F}"
EndProject
Project("{FAE04EC0-301F-11D3-BF4B-00C04F79EFBC}") = "task_2_Console", "task_2\task_2_Console.csproj", "{2FF3EB38-3ADA-4F57-AA6F-A4D6257BA007}"
EndProject
Project("{FAE04EC0-301F-11D3-BF4B-00C04F79EFBC}") = "task_3_Console", "task3\task_3_Console.csproj", "{557FDB6B-1BEF-43E7-B213-D92E8FCAF512}"
EndProject
Project("{FAE04EC0-301F-11D3-BF4B-00C04F79EFBC}") = "WinFormTasks_1_2", "WinFormTasks\WinFormTasks_1_2.csproj", "{C36BC76C-751E-4CDB-AB1A-39EC8E689AD1}"
EndProject
Project("{FAE04EC0-301F-11D3-BF4B-00C04F79EFBC}") = "WinFormTask_3", "WinFormTask_3\WinFormTask_3.csproj", "{9BC7A42D-4E54-4E08-9B5B-83B73CE13065}"
EndProject
Global
	GlobalSection(SolutionConfigurationPlatforms) = preSolution
		Debug|Any CPU = Debug|Any CPU
		Release|Any CPU = Release|Any CPU
	EndGlobalSection
	GlobalSection(ProjectConfigurationPlatforms) = postSolution
		{43463D21-DFB6-4747-822B-978991A1DBF5}.Debug|Any CPU.ActiveCfg = Debug|Any CPU
		{43463D21-DFB6-4747-822B-978991A1DBF5}.Debug|Any CPU.Build.0 = Debug|Any CPU
		{43463D21-DFB6-4747-822B-978991A1DBF5}.Release|Any CPU.ActiveCfg = Release|Any CPU
		{43463D21-DFB6-4747-822B-978991A1DBF5}.Release|Any CPU.Build.0 = Release|Any CPU
		{1D817FF9-233C-4C5C-827D-DC1D808FBF6F}.Debug|Any CPU.ActiveCfg = Debug|Any CPU
		{1D817FF9-233C-4C5C-827D-DC1D808FBF6F}.Debug|Any CPU.Build.0 = Debug|Any CPU
		{1D817FF9-233C-4C5C-827D-DC1D808FBF6F}.Release|Any CPU.ActiveCfg = Release|Any CPU
		{1D817FF9-233C-4C5C-827D-DC1D808FBF6F}.Release|Any CPU.Build.0 = Release|Any CPU
		{2FF3EB38-3ADA-4F57-AA6F-A4D6257BA007}.Debug|Any CPU.ActiveCfg = Debug|Any CPU
		{2FF3EB38-3ADA-4F57-AA6F-A4D6257BA007}.Debug|Any CPU.Build.0 = Debug|Any CPU
		{2FF3EB38-3ADA-4F57-AA6F-A4D6257BA007}.Release|Any CPU.ActiveCfg = Release|Any CPU
		{2FF3EB38-3ADA-4F57-AA6F-A4D6257BA007}.Release|Any CPU.Build.0 = Release|Any CPU
		{557FDB6B-1BEF-43E7-B213-D92E8FCAF512}.Debug|Any CPU.ActiveCfg = Debug|Any CPU
		{557FDB6B-1BEF-43E7-B213-D92E8FCAF512}.Debug|Any CPU.Build.0 = Debug|Any CPU
		{557FDB6B-1BEF-43E7-B213-D92E8FCAF512}.Release|Any CPU.ActiveCfg = Release|Any CPU
		{557FDB6B-1BEF-43E7-B213-D92E8FCAF512}.Release|Any CPU.Build.0 = Release|Any CPU
		{C36BC76C-751E-4CDB-AB1A-39EC8E689AD1}.Debug|Any CPU.ActiveCfg = Debug|Any CPU
		{C36BC76C-751E-4CDB-AB1A-39EC8E689AD1}.Debug|Any CPU.Build.0 = Debug|Any CPU
		{C36BC76C-751E-4CDB-AB1A-39EC8E689AD1}.Release|Any CPU.ActiveCfg = Release|Any CPU
		{C36BC76C-751E-4CDB-AB1A-39EC8E689AD1}.Release|Any CPU.Build.0 = Release|Any CPU
		{9BC7A42D-4E54-4E08-9B5B-83B73CE13065}.Debug|Any CPU.ActiveCfg = Debug|Any CPU
		{9BC7A42D-4E54-4E08-9B5B-83B73CE13065}.Debug|Any CPU.Build.0 = Debug|Any CPU
		{9BC7A42D-4E54-4E08-9B5B-83B73CE13065}.Release|Any CPU.ActiveCfg = Release|Any CPU
		{9BC7A42D-4E54-4E08-9B5B-83B73CE13065}.Release|Any CPU.Build.0 = Release|Any CPU
	EndGlobalSection
	GlobalSection(SolutionProperties) = preSolution
		HideSolutionNode = FALSE
	EndGlobalSection
	GlobalSection(ExtensibilityGlobals) = postSolution
		SolutionGuid = {7705473F-E820-415A-87B4-B0A6BF8CE828}
	EndGlobalSection
EndGlobal
